
Microsoft Visual Studio Solution File, Format Version 12.00
# Visual Studio 15
VisualStudioVersion = 15.0.28307.1231
MinimumVisualStudioVersion = 10.0.40219.1
Project("{FAE04EC0-301F-11D3-BF4B-00C04F79EFBC}") = "Proyecto1IPC2", "Proyecto1IPC2\Proyecto1IPC2.csproj", "{D1D50C09-2544-4BA2-BE36-4FB34C357C50}"
EndProject
Global
	GlobalSection(SolutionConfigurationPlatforms) = preSolution
		Debug|Any CPU = Debug|Any CPU
		Release|Any CPU = Release|Any CPU
	EndGlobalSection
	GlobalSection(ProjectConfigurationPlatforms) = postSolution
		{D1D50C09-2544-4BA2-BE36-4FB34C357C50}.Debug|Any CPU.ActiveCfg = Debug|Any CPU
		{D1D50C09-2544-4BA2-BE36-4FB34C357C50}.Debug|Any CPU.Build.0 = Debug|Any CPU
		{D1D50C09-2544-4BA2-BE36-4FB34C357C50}.Release|Any CPU.ActiveCfg = Release|Any CPU
		{D1D50C09-2544-4BA2-BE36-4FB34C357C50}.Release|Any CPU.Build.0 = Release|Any CPU
	EndGlobalSection
	GlobalSection(SolutionProperties) = preSolution
		HideSolutionNode = FALSE
	EndGlobalSection
	GlobalSection(ExtensibilityGlobals) = postSolution
		SolutionGuid = {9B932252-AACE-4F0B-A7E9-30E9AF4A5308}
	EndGlobalSection
EndGlobal
